
Microsoft Visual Studio Solution File, Format Version 12.00
# Visual Studio 15
VisualStudioVersion = 15.0.27703.2026
MinimumVisualStudioVersion = 10.0.40219.1
Project("{FAE04EC0-301F-11D3-BF4B-00C04F79EFBC}") = "DesignPatterns", "DesignPatterns\DesignPatterns.csproj", "{66EDBC6E-F1A4-4E99-B3F3-74C088C4A082}"
EndProject
Global
	GlobalSection(SolutionConfigurationPlatforms) = preSolution
		Debug|Any CPU = Debug|Any CPU
		Release|Any CPU = Release|Any CPU
	EndGlobalSection
	GlobalSection(ProjectConfigurationPlatforms) = postSolution
		{66EDBC6E-F1A4-4E99-B3F3-74C088C4A082}.Debug|Any CPU.ActiveCfg = Debug|Any CPU
		{66EDBC6E-F1A4-4E99-B3F3-74C088C4A082}.Debug|Any CPU.Build.0 = Debug|Any CPU
		{66EDBC6E-F1A4-4E99-B3F3-74C088C4A082}.Release|Any CPU.ActiveCfg = Release|Any CPU
		{66EDBC6E-F1A4-4E99-B3F3-74C088C4A082}.Release|Any CPU.Build.0 = Release|Any CPU
	EndGlobalSection
	GlobalSection(SolutionProperties) = preSolution
		HideSolutionNode = FALSE
	EndGlobalSection
	GlobalSection(ExtensibilityGlobals) = postSolution
		SolutionGuid = {54FDDDBE-1C96-4D71-8F21-CB69248D404E}
	EndGlobalSection
EndGlobal
